
Microsoft Visual Studio Solution File, Format Version 12.00
# Visual Studio Version 17
VisualStudioVersion = 17.6.33815.320
MinimumVisualStudioVersion = 10.0.40219.1
Project("{FAE04EC0-301F-11D3-BF4B-00C04F79EFBC}") = "Label5834324.Android", "Label5834324\Label5834324.Android\Label5834324.Android.csproj", "{7434D625-EC5D-407E-8FC6-7AD0296EF555}"
EndProject
Project("{FAE04EC0-301F-11D3-BF4B-00C04F79EFBC}") = "Label5834324", "Label5834324\Label5834324\Label5834324.csproj", "{8957DB41-7903-4FFE-95F1-BA078E336603}"
EndProject
Global
	GlobalSection(SolutionConfigurationPlatforms) = preSolution
		Debug|Any CPU = Debug|Any CPU
		Release|Any CPU = Release|Any CPU
	EndGlobalSection
	GlobalSection(ProjectConfigurationPlatforms) = postSolution
		{7434D625-EC5D-407E-8FC6-7AD0296EF555}.Debug|Any CPU.ActiveCfg = Debug|Any CPU
		{7434D625-EC5D-407E-8FC6-7AD0296EF555}.Debug|Any CPU.Build.0 = Debug|Any CPU
		{7434D625-EC5D-407E-8FC6-7AD0296EF555}.Debug|Any CPU.Deploy.0 = Debug|Any CPU
		{7434D625-EC5D-407E-8FC6-7AD0296EF555}.Release|Any CPU.ActiveCfg = Release|Any CPU
		{7434D625-EC5D-407E-8FC6-7AD0296EF555}.Release|Any CPU.Build.0 = Release|Any CPU
		{7434D625-EC5D-407E-8FC6-7AD0296EF555}.Release|Any CPU.Deploy.0 = Release|Any CPU
		{8957DB41-7903-4FFE-95F1-BA078E336603}.Debug|Any CPU.ActiveCfg = Debug|Any CPU
		{8957DB41-7903-4FFE-95F1-BA078E336603}.Debug|Any CPU.Build.0 = Debug|Any CPU
		{8957DB41-7903-4FFE-95F1-BA078E336603}.Debug|Any CPU.Deploy.0 = Debug|Any CPU
		{8957DB41-7903-4FFE-95F1-BA078E336603}.Release|Any CPU.ActiveCfg = Release|Any CPU
		{8957DB41-7903-4FFE-95F1-BA078E336603}.Release|Any CPU.Build.0 = Release|Any CPU
		{8957DB41-7903-4FFE-95F1-BA078E336603}.Release|Any CPU.Deploy.0 = Release|Any CPU
	EndGlobalSection
	GlobalSection(SolutionProperties) = preSolution
		HideSolutionNode = FALSE
	EndGlobalSection
	GlobalSection(ExtensibilityGlobals) = postSolution
		SolutionGuid = {2AE9EFBE-EF4A-408F-A212-95A8D378A2DE}
	EndGlobalSection
EndGlobal
